
Microsoft Visual Studio Solution File, Format Version 12.00
# Visual Studio Version 16
VisualStudioVersion = 16.0.29609.76
MinimumVisualStudioVersion = 10.0.40219.1
Project("{888888A0-9F3D-457C-B088-3A5042F75D52}") = "AutoclickBot Pinno Tiles2", "AutoclickBot Pinno Tiles2\AutoclickBot Pinno Tiles2.pyproj", "{09CD5008-B877-4B76-89B4-93C3FD247529}"
EndProject
Global
	GlobalSection(SolutionConfigurationPlatforms) = preSolution
		Debug|Any CPU = Debug|Any CPU
		Release|Any CPU = Release|Any CPU
	EndGlobalSection
	GlobalSection(ProjectConfigurationPlatforms) = postSolution
		{09CD5008-B877-4B76-89B4-93C3FD247529}.Debug|Any CPU.ActiveCfg = Debug|Any CPU
		{09CD5008-B877-4B76-89B4-93C3FD247529}.Release|Any CPU.ActiveCfg = Release|Any CPU
	EndGlobalSection
	GlobalSection(SolutionProperties) = preSolution
		HideSolutionNode = FALSE
	EndGlobalSection
	GlobalSection(ExtensibilityGlobals) = postSolution
		SolutionGuid = {2BEC09F5-DE4E-4EEA-88A1-8C0D1DA9150A}
	EndGlobalSection
EndGlobal
